
Microsoft Visual Studio Solution File, Format Version 11.00
# Visual Studio 2010
Project("{8BC9CEB8-8B4A-11D0-8D11-00A0C91BC942}") = "ACE_Form1", "src\ACE_Form1\ACE_Form1.vcxproj", "{0F448898-59D0-462F-AF00-4A5252AB8FFA}"
EndProject
Global
	GlobalSection(SolutionConfigurationPlatforms) = preSolution
		Debug|Win32 = Debug|Win32
		Release|Win32 = Release|Win32
	EndGlobalSection
	GlobalSection(ProjectConfigurationPlatforms) = postSolution
		{0F448898-59D0-462F-AF00-4A5252AB8FFA}.Debug|Win32.ActiveCfg = Debug|Win32
		{0F448898-59D0-462F-AF00-4A5252AB8FFA}.Debug|Win32.Build.0 = Debug|Win32
		{0F448898-59D0-462F-AF00-4A5252AB8FFA}.Release|Win32.ActiveCfg = Release|Win32
		{0F448898-59D0-462F-AF00-4A5252AB8FFA}.Release|Win32.Build.0 = Release|Win32
	EndGlobalSection
	GlobalSection(SolutionProperties) = preSolution
		HideSolutionNode = FALSE
	EndGlobalSection
EndGlobal
